# This file is generated by running "yarn install" inside your project.
# Manual changes might be lost - proceed with caution!

__metadata:
  version: 8
  cacheKey: 10c0

"@adraffy/ens-normalize@npm:^1.11.0":
  version: 1.11.1
  resolution: "@adraffy/ens-normalize@npm:1.11.1"
  checksum: 10c0/b364e2a57131db278ebf2f22d1a1ac6d8aea95c49dd2bbbc1825870b38aa91fd8816aba580a1f84edc50a45eb6389213dacfd1889f32893afc8549a82d304767
  languageName: node
  linkType: hard

"@ensverify/sdk@workspace:.":
  version: 0.0.0-use.local
  resolution: "@ensverify/sdk@workspace:."
  dependencies:
    typescript: "npm:^5.3.0"
    viem: "npm:^2.0.0"
  languageName: unknown
  linkType: soft

"@noble/ciphers@npm:^1.3.0":
  version: 1.3.0
  resolution: "@noble/ciphers@npm:1.3.0"
  checksum: 10c0/3ba6da645ce45e2f35e3b2e5c87ceba86b21dfa62b9466ede9edfb397f8116dae284f06652c0cd81d99445a2262b606632e868103d54ecc99fd946ae1af8cd37
  languageName: node
  linkType: hard

"@noble/curves@npm:1.9.1, @noble/curves@npm:~1.9.0":
  version: 1.9.1
  resolution: "@noble/curves@npm:1.9.1"
  dependencies:
    "@noble/hashes": "npm:1.8.0"
  checksum: 10c0/39c84dbfecdca80cfde2ecea4b06ef2ec1255a4df40158d22491d1400057a283f57b2b26c8b1331006e6e061db791f31d47764961c239437032e2f45e8888c1e
  languageName: node
  linkType: hard

"@noble/hashes@npm:1.8.0, @noble/hashes@npm:^1.8.0, @noble/hashes@npm:~1.8.0":
  version: 1.8.0
  resolution: "@noble/hashes@npm:1.8.0"
  checksum: 10c0/06a0b52c81a6fa7f04d67762e08b2c476a00285858150caeaaff4037356dd5e119f45b2a530f638b77a5eeca013168ec1b655db41bae3236cb2e9d511484fc77
  languageName: node
  linkType: hard

"@scure/base@npm:~1.2.5":
  version: 1.2.6
  resolution: "@scure/base@npm:1.2.6"
  checksum: 10c0/49bd5293371c4e062cb6ba689c8fe3ea3981b7bb9c000400dc4eafa29f56814cdcdd27c04311c2fec34de26bc373c593a1d6ca6d754398a488d587943b7c128a
  languageName: node
  linkType: hard

"@scure/bip32@npm:1.7.0, @scure/bip32@npm:^1.7.0":
  version: 1.7.0
  resolution: "@scure/bip32@npm:1.7.0"
  dependencies:
    "@noble/curves": "npm:~1.9.0"
    "@noble/hashes": "npm:~1.8.0"
    "@scure/base": "npm:~1.2.5"
  checksum: 10c0/e3d4c1f207df16abcd79babcdb74d36f89bdafc90bf02218a5140cc5cba25821d80d42957c6705f35210cc5769714ea9501d4ae34732cdd1c26c9ff182a219f7
  languageName: node
  linkType: hard

"@scure/bip39@npm:1.6.0, @scure/bip39@npm:^1.6.0":
  version: 1.6.0
  resolution: "@scure/bip39@npm:1.6.0"
  dependencies:
    "@noble/hashes": "npm:~1.8.0"
    "@scure/base": "npm:~1.2.5"
  checksum: 10c0/73a54b5566a50a3f8348a5cfd74d2092efeefc485efbed83d7a7374ffd9a75defddf446e8e5ea0385e4adb49a94b8ae83c5bad3e16333af400e932f7da3aaff8
  languageName: node
  linkType: hard

"abitype@npm:1.2.3, abitype@npm:^1.2.3":
  version: 1.2.3
  resolution: "abitype@npm:1.2.3"
  peerDependencies:
    typescript: ">=5.0.4"
    zod: ^3.22.0 || ^4.0.0
  peerDependenciesMeta:
    typescript:
      optional: true
    zod:
      optional: true
  checksum: 10c0/c8740de1ae4961723a153224a52cb9a34a57903fb5c2ad61d5082b0b79b53033c9335381aa8c663c7ec213c9955a9853f694d51e95baceedef27356f7745c634
  languageName: node
  linkType: hard

"eventemitter3@npm:5.0.1":
  version: 5.0.1
  resolution: "eventemitter3@npm:5.0.1"
  checksum: 10c0/4ba5c00c506e6c786b4d6262cfbce90ddc14c10d4667e5c83ae993c9de88aa856033994dd2b35b83e8dc1170e224e66a319fa80adc4c32adcd2379bbc75da814
  languageName: node
  linkType: hard

"isows@npm:1.0.7":
  version: 1.0.7
  resolution: "isows@npm:1.0.7"
  peerDependencies:
    ws: "*"
  checksum: 10c0/43c41fe89c7c07258d0be3825f87e12da8ac9023c5b5ae6741ec00b2b8169675c04331ea73ef8c172d37a6747066f4dc93947b17cd369f92828a3b3e741afbda
  languageName: node
  linkType: hard

"ox@npm:0.14.7":
  version: 0.14.7
  resolution: "ox@npm:0.14.7"
  dependencies:
    "@adraffy/ens-normalize": "npm:^1.11.0"
    "@noble/ciphers": "npm:^1.3.0"
    "@noble/curves": "npm:1.9.1"
    "@noble/hashes": "npm:^1.8.0"
    "@scure/bip32": "npm:^1.7.0"
    "@scure/bip39": "npm:^1.6.0"
    abitype: "npm:^1.2.3"
    eventemitter3: "npm:5.0.1"
  peerDependencies:
    typescript: ">=5.4.0"
  peerDependenciesMeta:
    typescript:
      optional: true
  checksum: 10c0/c4bc216b4e689a0d4e6d6640be30bcc7e82209e4d69c1dd2d2c10c6b3b709f658c6b3e7ebe68e590602d6b0ef15785090d890b75cc7e67a094fe50d84778b9f9
  languageName: node
  linkType: hard

"typescript@npm:^5.3.0":
  version: 5.9.3
  resolution: "typescript@npm:5.9.3"
  bin:
    tsc: bin/tsc
    tsserver: bin/tsserver
  checksum: 10c0/6bd7552ce39f97e711db5aa048f6f9995b53f1c52f7d8667c1abdc1700c68a76a308f579cd309ce6b53646deb4e9a1be7c813a93baaf0a28ccd536a30270e1c5
  languageName: node
  linkType: hard

"typescript@patch:typescript@npm%3A^5.3.0#optional!builtin<compat/typescript>":
  version: 5.9.3
  resolution: "typescript@patch:typescript@npm%3A5.9.3#optional!builtin<compat/typescript>::version=5.9.3&hash=5786d5"
  bin:
    tsc: bin/tsc
    tsserver: bin/tsserver
  checksum: 10c0/ad09fdf7a756814dce65bc60c1657b40d44451346858eea230e10f2e95a289d9183b6e32e5c11e95acc0ccc214b4f36289dcad4bf1886b0adb84d711d336a430
  languageName: node
  linkType: hard

"viem@npm:^2.0.0":
  version: 2.47.6
  resolution: "viem@npm:2.47.6"
  dependencies:
    "@noble/curves": "npm:1.9.1"
    "@noble/hashes": "npm:1.8.0"
    "@scure/bip32": "npm:1.7.0"
    "@scure/bip39": "npm:1.6.0"
    abitype: "npm:1.2.3"
    isows: "npm:1.0.7"
    ox: "npm:0.14.7"
    ws: "npm:8.18.3"
  peerDependencies:
    typescript: ">=5.0.4"
  peerDependenciesMeta:
    typescript:
      optional: true
  checksum: 10c0/e89fa80221c193b3fdda4816a407b16f26f2fe680ac6d2533029cb0532d71c0cf41b272087ea93216c8d57ab82c4bd6621d38576c24e8f5ae3cfdf5012e39ceb
  languageName: node
  linkType: hard

"ws@npm:8.18.3":
  version: 8.18.3
  resolution: "ws@npm:8.18.3"
  peerDependencies:
    bufferutil: ^4.0.1
    utf-8-validate: ">=5.0.2"
  peerDependenciesMeta:
    bufferutil:
      optional: true
    utf-8-validate:
      optional: true
  checksum: 10c0/eac918213de265ef7cb3d4ca348b891a51a520d839aa51cdb8ca93d4fa7ff9f6ccb339ccee89e4075324097f0a55157c89fa3f7147bde9d8d7e90335dc087b53
  languageName: node
  linkType: hard
